
Microsoft Visual Studio Solution File, Format Version 12.00
# Visual Studio Version 17
VisualStudioVersion = 17.13.35931.197 d17.13
MinimumVisualStudioVersion = 10.0.40219.1
Project("{FAE04EC0-301F-11D3-BF4B-00C04F79EFBC}") = "HelloWorld", "HelloWorld\HelloWorld.csproj", "{0330F720-A810-4737-A2FC-C0DE05AA3D31}"
EndProject
Global
	GlobalSection(SolutionConfigurationPlatforms) = preSolution
		Debug|Any CPU = Debug|Any CPU
		Release|Any CPU = Release|Any CPU
	EndGlobalSection
	GlobalSection(ProjectConfigurationPlatforms) = postSolution
		{0330F720-A810-4737-A2FC-C0DE05AA3D31}.Debug|Any CPU.ActiveCfg = Debug|Any CPU
		{0330F720-A810-4737-A2FC-C0DE05AA3D31}.Debug|Any CPU.Build.0 = Debug|Any CPU
		{0330F720-A810-4737-A2FC-C0DE05AA3D31}.Release|Any CPU.ActiveCfg = Release|Any CPU
		{0330F720-A810-4737-A2FC-C0DE05AA3D31}.Release|Any CPU.Build.0 = Release|Any CPU
	EndGlobalSection
	GlobalSection(SolutionProperties) = preSolution
		HideSolutionNode = FALSE
	EndGlobalSection
	GlobalSection(ExtensibilityGlobals) = postSolution
		SolutionGuid = {7C55FE9F-BA41-43BB-9EC5-BAC1A91472D1}
	EndGlobalSection
EndGlobal
