
Microsoft Visual Studio Solution File, Format Version 12.00
# Visual Studio Version 17
VisualStudioVersion = 17.14.36121.58 d17.14
MinimumVisualStudioVersion = 10.0.40219.1
Project("{FAE04EC0-301F-11D3-BF4B-00C04F79EFBC}") = "Bloggie.Web", "Bloggie.Web\Bloggie.Web.csproj", "{E60E5F64-5FB7-4AEC-AD69-5B9D34CED086}"
EndProject
Global
	GlobalSection(SolutionConfigurationPlatforms) = preSolution
		Debug|Any CPU = Debug|Any CPU
		Release|Any CPU = Release|Any CPU
	EndGlobalSection
	GlobalSection(ProjectConfigurationPlatforms) = postSolution
		{E60E5F64-5FB7-4AEC-AD69-5B9D34CED086}.Debug|Any CPU.ActiveCfg = Debug|Any CPU
		{E60E5F64-5FB7-4AEC-AD69-5B9D34CED086}.Debug|Any CPU.Build.0 = Debug|Any CPU
		{E60E5F64-5FB7-4AEC-AD69-5B9D34CED086}.Release|Any CPU.ActiveCfg = Release|Any CPU
		{E60E5F64-5FB7-4AEC-AD69-5B9D34CED086}.Release|Any CPU.Build.0 = Release|Any CPU
	EndGlobalSection
	GlobalSection(SolutionProperties) = preSolution
		HideSolutionNode = FALSE
	EndGlobalSection
	GlobalSection(ExtensibilityGlobals) = postSolution
		SolutionGuid = {AC53E73C-1886-4491-AC82-8AB6D130B91D}
	EndGlobalSection
EndGlobal
